
Microsoft Visual Studio Solution File, Format Version 12.00
# Visual Studio Version 16
VisualStudioVersion = 16.0.29613.14
MinimumVisualStudioVersion = 10.0.40219.1
Project("{8BC9CEB8-8B4A-11D0-8D11-00A0C91BC942}") = "Project1", "Project1.vcxproj", "{200DB0FC-041B-4933-89A7-5FEEB28E4BFA}"
EndProject
Global
	GlobalSection(SolutionConfigurationPlatforms) = preSolution
		Debug|x64 = Debug|x64
		Debug|x86 = Debug|x86
		Release|x64 = Release|x64
		Release|x86 = Release|x86
	EndGlobalSection
	GlobalSection(ProjectConfigurationPlatforms) = postSolution
		{200DB0FC-041B-4933-89A7-5FEEB28E4BFA}.Debug|x64.ActiveCfg = Debug|x64
		{200DB0FC-041B-4933-89A7-5FEEB28E4BFA}.Debug|x64.Build.0 = Debug|x64
		{200DB0FC-041B-4933-89A7-5FEEB28E4BFA}.Debug|x86.ActiveCfg = Debug|Win32
		{200DB0FC-041B-4933-89A7-5FEEB28E4BFA}.Debug|x86.Build.0 = Debug|Win32
		{200DB0FC-041B-4933-89A7-5FEEB28E4BFA}.Release|x64.ActiveCfg = Release|x64
		{200DB0FC-041B-4933-89A7-5FEEB28E4BFA}.Release|x64.Build.0 = Release|x64
		{200DB0FC-041B-4933-89A7-5FEEB28E4BFA}.Release|x86.ActiveCfg = Release|Win32
		{200DB0FC-041B-4933-89A7-5FEEB28E4BFA}.Release|x86.Build.0 = Release|Win32
	EndGlobalSection
	GlobalSection(SolutionProperties) = preSolution
		HideSolutionNode = FALSE
	EndGlobalSection
	GlobalSection(ExtensibilityGlobals) = postSolution
		SolutionGuid = {639A6A83-5779-472C-A62B-00F45CD1881C}
	EndGlobalSection
EndGlobal
