<?xml version="1.0" encoding="utf-8"?>
<Project ToolsVersion="4.0" xmlns="http://schemas.microsoft.com/developer/msbuild/2003">
  <ItemGroup>
    <Filter Include="來源檔案">
      <UniqueIdentifier>{4FC737F1-C7A5-4376-A066-2A32D752A2FF}</UniqueIdentifier>
      <Extensions>cpp;c;cc;cxx;def;odl;idl;hpj;bat;asm;asmx</Extensions>
    </Filter>
    <Filter Include="標頭檔">
      <UniqueIdentifier>{93995380-89BD-4b04-88EB-625FBE52EBFB}</UniqueIdentifier>
      <Extensions>h;hh;hpp;hxx;hm;inl;inc;ipp;xsd</Extensions>
    </Filter>
    <Filter Include="資源檔">
      <UniqueIdentifier>{67DA6AB6-F800-4c08-8B7A-83BB121AAD01}</UniqueIdentifier>
      <Extensions>rc;ico;cur;bmp;dlg;rc2;rct;bin;rgs;gif;jpg;jpeg;jpe;resx;tiff;tif;png;wav;mfcribbon-ms</Extensions>
    </Filter>
  </ItemGroup>
  <ItemGroup>
    <ClCompile Include="ReservationDatabase.cpp">
      <Filter>來源檔案</Filter>
    </ClCompile>
    <ClCompile Include="ReservationHistory.cpp">
      <Filter>來源檔案</Filter>
    </ClCompile>
    <ClCompile Include="SouthboundTimetable.cpp">
      <Filter>來源檔案</Filter>
    </ClCompile>
    <ClCompile Include="Train.cpp">
      <Filter>來源檔案</Filter>
    </ClCompile>
    <ClCompile Include="Assignment 13.cpp">
      <Filter>來源檔案</Filter>
    </ClCompile>
    <ClCompile Include="MakingReservation.cpp">
      <Filter>來源檔案</Filter>
    </ClCompile>
    <ClCompile Include="NorthboundTimetable.cpp">
      <Filter>來源檔案</Filter>
    </ClCompile>
    <ClCompile Include="Reservation.cpp">
      <Filter>來源檔案</Filter>
    </ClCompile>
  </ItemGroup>
  <ItemGroup>
    <ClInclude Include="ReservationDatabase.h">
      <Filter>標頭檔</Filter>
    </ClInclude>
    <ClInclude Include="ReservationHistory.h">
      <Filter>標頭檔</Filter>
    </ClInclude>
    <ClInclude Include="SouthboundTimetable.h">
      <Filter>標頭檔</Filter>
    </ClInclude>
    <ClInclude Include="Train.h">
      <Filter>標頭檔</Filter>
    </ClInclude>
    <ClInclude Include="Vector.h">
      <Filter>標頭檔</Filter>
    </ClInclude>
    <ClInclude Include="MakingReservation.h">
      <Filter>標頭檔</Filter>
    </ClInclude>
    <ClInclude Include="NorthboundTimetable.h">
      <Filter>標頭檔</Filter>
    </ClInclude>
    <ClInclude Include="Reservation.h">
      <Filter>標頭檔</Filter>
    </ClInclude>
  </ItemGroup>
</Project>